# This file is automatically @generated by Cargo.
# It is not intended for manual editing.
version = 4

[[package]]
name = "base64"
version = "0.23.1"
source = "registry+https://github.com/rust-lang/crates.io-index"
checksum = "ac07cdecf99051d9a5238b80f35af32cdeba5b336e55d957b318b50137e18da5"

[[package]]
name = "ipnet"
version = "2.12.2"
source = "registry+https://github.com/rust-lang/crates.io-index"
checksum = "791930b43c0d5973160d90a8f3894509f2b273430f5c5c73b668636d0287c5c0"

[[package]]
name = "meshora-dataplane"
version = "0.0.0"
dependencies = [
 "ipnet",
 "meshora-types",
]

[[package]]
name = "meshora-types"
version = "0.0.0"
dependencies = [
 "base64",
]
